{
  "name": "lunhui-dukou",
  "version": "0.1.0",
  "lockfileVersion": 3,
  "requires": true,
  "packages": {
    "": {
      "name": "lunhui-dukou",
      "version": "0.1.0",
      "workspaces": [
        "packages/*"
      ],
      "engines": {
        "node": ">=20"
      }
    },
    "node_modules/@lunhui/engine": {
      "resolved": "packages/engine",
      "link": true
    },
    "node_modules/@lunhui/server": {
      "resolved": "packages/server",
      "link": true
    },
    "node_modules/@lunhui/web": {
      "resolved": "packages/web",
      "link": true
    },
    "packages/engine": {
      "name": "@lunhui/engine",
      "version": "0.1.0"
    },
    "packages/server": {
      "name": "@lunhui/server",
      "version": "0.1.0"
    },
    "packages/web": {
      "name": "@lunhui/web",
      "version": "0.1.0"
    }
  }
}
